
Microsoft Visual Studio Solution File, Format Version 12.00
# Visual Studio Version 16
VisualStudioVersion = 16.0.32126.315
MinimumVisualStudioVersion = 10.0.40219.1
Project("{FAE04EC0-301F-11D3-BF4B-00C04F79EFBC}") = "MyProject", "MyProject\MyProject.csproj", "{339D9291-24B2-4A7E-A79E-07B8B7F70C66}"
EndProject
Global
	GlobalSection(SolutionConfigurationPlatforms) = preSolution
		Debug|Any CPU = Debug|Any CPU
		Release|Any CPU = Release|Any CPU
	EndGlobalSection
	GlobalSection(ProjectConfigurationPlatforms) = postSolution
		{339D9291-24B2-4A7E-A79E-07B8B7F70C66}.Debug|Any CPU.ActiveCfg = Debug|Any CPU
		{339D9291-24B2-4A7E-A79E-07B8B7F70C66}.Debug|Any CPU.Build.0 = Debug|Any CPU
		{339D9291-24B2-4A7E-A79E-07B8B7F70C66}.Release|Any CPU.ActiveCfg = Release|Any CPU
		{339D9291-24B2-4A7E-A79E-07B8B7F70C66}.Release|Any CPU.Build.0 = Release|Any CPU
	EndGlobalSection
	GlobalSection(SolutionProperties) = preSolution
		HideSolutionNode = FALSE
	EndGlobalSection
	GlobalSection(ExtensibilityGlobals) = postSolution
		SolutionGuid = {9F8CF52B-E33B-4AA1-8B5C-4D1DCB848555}
	EndGlobalSection
EndGlobal
